
Microsoft Visual Studio Solution File, Format Version 12.00
# Visual Studio 15
VisualStudioVersion = 15.0.28307.421
MinimumVisualStudioVersion = 10.0.40219.1
Project("{FAE04EC0-301F-11D3-BF4B-00C04F79EFBC}") = "GitHubUsernameLookup", "GitHubUsernameLookup\GitHubUsernameLookup.csproj", "{07832001-9220-489C-BB28-B31216BD1113}"
EndProject
Project("{FAE04EC0-301F-11D3-BF4B-00C04F79EFBC}") = "GitHubUsernameLookup.Services", "GitHubUsernameLookup.Services\GitHubUsernameLookup.Services.csproj", "{1A145D47-02D0-4658-9F08-30405104C41C}"
EndProject
Global
	GlobalSection(SolutionConfigurationPlatforms) = preSolution
		Debug|Any CPU = Debug|Any CPU
		Release|Any CPU = Release|Any CPU
	EndGlobalSection
	GlobalSection(ProjectConfigurationPlatforms) = postSolution
		{07832001-9220-489C-BB28-B31216BD1113}.Debug|Any CPU.ActiveCfg = Debug|Any CPU
		{07832001-9220-489C-BB28-B31216BD1113}.Debug|Any CPU.Build.0 = Debug|Any CPU
		{07832001-9220-489C-BB28-B31216BD1113}.Release|Any CPU.ActiveCfg = Release|Any CPU
		{07832001-9220-489C-BB28-B31216BD1113}.Release|Any CPU.Build.0 = Release|Any CPU
		{1A145D47-02D0-4658-9F08-30405104C41C}.Debug|Any CPU.ActiveCfg = Debug|Any CPU
		{1A145D47-02D0-4658-9F08-30405104C41C}.Debug|Any CPU.Build.0 = Debug|Any CPU
		{1A145D47-02D0-4658-9F08-30405104C41C}.Release|Any CPU.ActiveCfg = Release|Any CPU
		{1A145D47-02D0-4658-9F08-30405104C41C}.Release|Any CPU.Build.0 = Release|Any CPU
	EndGlobalSection
	GlobalSection(SolutionProperties) = preSolution
		HideSolutionNode = FALSE
	EndGlobalSection
	GlobalSection(ExtensibilityGlobals) = postSolution
		SolutionGuid = {C88CEB81-3B6D-4784-8383-8B61D0FA9A5B}
	EndGlobalSection
EndGlobal
